
Microsoft Visual Studio Solution File, Format Version 12.00
# Visual Studio Version 16
VisualStudioVersion = 16.6.30114.105
MinimumVisualStudioVersion = 10.0.40219.1
Project("{2150E333-8FDC-42A3-9474-1A3956D46DE8}") = "Services", "Services", "{231E6258-5AA6-4939-8585-C08DD0EE7955}"
EndProject
Project("{2150E333-8FDC-42A3-9474-1A3956D46DE8}") = "Catalog", "Catalog", "{7A57F641-FEB1-487B-A864-D7D0FCB0071C}"
EndProject
Project("{FAE04EC0-301F-11D3-BF4B-00C04F79EFBC}") = "Catalog.API", "Services\Catalog\Catalog.API\Catalog.API.csproj", "{7511D2EE-A554-474F-9037-D37882E466AB}"
EndProject
Project("{2150E333-8FDC-42A3-9474-1A3956D46DE8}") = "Basket", "Basket", "{CBC4FD43-EA7C-45D9-A567-B41755CDB9E2}"
EndProject
Project("{FAE04EC0-301F-11D3-BF4B-00C04F79EFBC}") = "Basket.API", "Services\Basket\Basket.API\Basket.API.csproj", "{ED2916DA-F281-4326-B55E-149CBD8BA9BE}"
EndProject
Global
	GlobalSection(SolutionConfigurationPlatforms) = preSolution
		Debug|Any CPU = Debug|Any CPU
		Debug|x64 = Debug|x64
		Debug|x86 = Debug|x86
		Release|Any CPU = Release|Any CPU
		Release|x64 = Release|x64
		Release|x86 = Release|x86
	EndGlobalSection
	GlobalSection(SolutionProperties) = preSolution
		HideSolutionNode = FALSE
	EndGlobalSection
	GlobalSection(ProjectConfigurationPlatforms) = postSolution
		{7511D2EE-A554-474F-9037-D37882E466AB}.Debug|Any CPU.ActiveCfg = Debug|Any CPU
		{7511D2EE-A554-474F-9037-D37882E466AB}.Debug|Any CPU.Build.0 = Debug|Any CPU
		{7511D2EE-A554-474F-9037-D37882E466AB}.Debug|x64.ActiveCfg = Debug|Any CPU
		{7511D2EE-A554-474F-9037-D37882E466AB}.Debug|x64.Build.0 = Debug|Any CPU
		{7511D2EE-A554-474F-9037-D37882E466AB}.Debug|x86.ActiveCfg = Debug|Any CPU
		{7511D2EE-A554-474F-9037-D37882E466AB}.Debug|x86.Build.0 = Debug|Any CPU
		{7511D2EE-A554-474F-9037-D37882E466AB}.Release|Any CPU.ActiveCfg = Release|Any CPU
		{7511D2EE-A554-474F-9037-D37882E466AB}.Release|Any CPU.Build.0 = Release|Any CPU
		{7511D2EE-A554-474F-9037-D37882E466AB}.Release|x64.ActiveCfg = Release|Any CPU
		{7511D2EE-A554-474F-9037-D37882E466AB}.Release|x64.Build.0 = Release|Any CPU
		{7511D2EE-A554-474F-9037-D37882E466AB}.Release|x86.ActiveCfg = Release|Any CPU
		{7511D2EE-A554-474F-9037-D37882E466AB}.Release|x86.Build.0 = Release|Any CPU
		{ED2916DA-F281-4326-B55E-149CBD8BA9BE}.Debug|Any CPU.ActiveCfg = Debug|Any CPU
		{ED2916DA-F281-4326-B55E-149CBD8BA9BE}.Debug|Any CPU.Build.0 = Debug|Any CPU
		{ED2916DA-F281-4326-B55E-149CBD8BA9BE}.Debug|x64.ActiveCfg = Debug|Any CPU
		{ED2916DA-F281-4326-B55E-149CBD8BA9BE}.Debug|x64.Build.0 = Debug|Any CPU
		{ED2916DA-F281-4326-B55E-149CBD8BA9BE}.Debug|x86.ActiveCfg = Debug|Any CPU
		{ED2916DA-F281-4326-B55E-149CBD8BA9BE}.Debug|x86.Build.0 = Debug|Any CPU
		{ED2916DA-F281-4326-B55E-149CBD8BA9BE}.Release|Any CPU.ActiveCfg = Release|Any CPU
		{ED2916DA-F281-4326-B55E-149CBD8BA9BE}.Release|Any CPU.Build.0 = Release|Any CPU
		{ED2916DA-F281-4326-B55E-149CBD8BA9BE}.Release|x64.ActiveCfg = Release|Any CPU
		{ED2916DA-F281-4326-B55E-149CBD8BA9BE}.Release|x64.Build.0 = Release|Any CPU
		{ED2916DA-F281-4326-B55E-149CBD8BA9BE}.Release|x86.ActiveCfg = Release|Any CPU
		{ED2916DA-F281-4326-B55E-149CBD8BA9BE}.Release|x86.Build.0 = Release|Any CPU
	EndGlobalSection
	GlobalSection(NestedProjects) = preSolution
		{7A57F641-FEB1-487B-A864-D7D0FCB0071C} = {231E6258-5AA6-4939-8585-C08DD0EE7955}
		{7511D2EE-A554-474F-9037-D37882E466AB} = {7A57F641-FEB1-487B-A864-D7D0FCB0071C}
		{CBC4FD43-EA7C-45D9-A567-B41755CDB9E2} = {231E6258-5AA6-4939-8585-C08DD0EE7955}
		{ED2916DA-F281-4326-B55E-149CBD8BA9BE} = {CBC4FD43-EA7C-45D9-A567-B41755CDB9E2}
	EndGlobalSection
EndGlobal
